// !$*UTF8*$!
{
	archiveVersion = 1;
	classes = {
	};
	objectVersion = 56;
	objects = {

/* Begin PBXBuildFile section */
		5552B3942B17C088006D13DD /* LyraApp.swift in Sources */ = {isa = PBXBuildFile; fileRef = 5552B3932B17C088006D13DD /* LyraApp.swift */; };
		5552B3962B17C088006D13DD /* ContentView.swift in Sources */ = {isa = PBXBuildFile; fileRef = 5552B3952B17C088006D13DD /* ContentView.swift */; };
		5552B3982B17C089006D13DD /* Assets.xcassets in Resources */ = {isa = PBXBuildFile; fileRef = 5552B3972B17C089006D13DD /* Assets.xcassets */; };
		5552B39B2B17C089006D13DD /* Preview Assets.xcassets in Resources */ = {isa = PBXBuildFile; fileRef = 5552B39A2B17C089006D13DD /* Preview Assets.xcassets */; };
		5552B3A32B17C0A0006D13DD /* MacIOKit.swift in Sources */ = {isa = PBXBuildFile; fileRef = 5552B3A22B17C0A0006D13DD /* MacIOKit.swift */; };
		5552B3A52B17C0C9006D13DD /* AppDelegate.swift in Sources */ = {isa = PBXBuildFile; fileRef = 5552B3A42B17C0C9006D13DD /* AppDelegate.swift */; };
		5552B3A72B17C380006D13DD /* ArrayRawView.swift in Sources */ = {isa = PBXBuildFile; fileRef = 5552B3A62B17C380006D13DD /* ArrayRawView.swift */; };
/* End PBXBuildFile section */

/* Begin PBXFileReference section */
		5552B3902B17C088006D13DD /* Lyra.app */ = {isa = PBXFileReference; explicitFileType = wrapper.application; includeInIndex = 0; path = Lyra.app; sourceTree = BUILT_PRODUCTS_DIR; };
		5552B3932B17C088006D13DD /* LyraApp.swift */ = {isa = PBXFileReference; lastKnownFileType = sourcecode.swift; path = LyraApp.swift; sourceTree = "<group>"; };
		5552B3952B17C088006D13DD /* ContentView.swift */ = {isa = PBXFileReference; lastKnownFileType = sourcecode.swift; path = ContentView.swift; sourceTree = "<group>"; };
		5552B3972B17C089006D13DD /* Assets.xcassets */ = {isa = PBXFileReference; lastKnownFileType = folder.assetcatalog; path = Assets.xcassets; sourceTree = "<group>"; };
		5552B39A2B17C089006D13DD /* Preview Assets.xcassets */ = {isa = PBXFileReference; lastKnownFileType = folder.assetcatalog; path = "Preview Assets.xcassets"; sourceTree = "<group>"; };
		5552B39C2B17C089006D13DD /* Lyra.entitlements */ = {isa = PBXFileReference; lastKnownFileType = text.plist.entitlements; path = Lyra.entitlements; sourceTree = "<group>"; };
		5552B3A22B17C0A0006D13DD /* MacIOKit.swift */ = {isa = PBXFileReference; lastKnownFileType = sourcecode.swift; path = MacIOKit.swift; sourceTree = "<group>"; };
		5552B3A42B17C0C9006D13DD /* AppDelegate.swift */ = {isa = PBXFileReference; lastKnownFileType = sourcecode.swift; path = AppDelegate.swift; sourceTree = "<group>"; };
		5552B3A62B17C380006D13DD /* ArrayRawView.swift */ = {isa = PBXFileReference; lastKnownFileType = sourcecode.swift; path = ArrayRawView.swift; sourceTree = "<group>"; };
/* End PBXFileReference section */

/* Begin PBXFrameworksBuildPhase section */
		5552B38D2B17C088006D13DD /* Frameworks */ = {
			isa = PBXFrameworksBuildPhase;
			buildActionMask = 2147483647;
			files = (
			);
			runOnlyForDeploymentPostprocessing = 0;
		};
/* End PBXFrameworksBuildPhase section */

/* Begin PBXGroup section */
		5552B3872B17C088006D13DD = {
			isa = PBXGroup;
			children = (
				5552B3922B17C088006D13DD /* Lyra */,
				5552B3912B17C088006D13DD /* Products */,
			);
			sourceTree = "<group>";
		};
		5552B3912B17C088006D13DD /* Products */ = {
			isa = PBXGroup;
			children = (
				5552B3902B17C088006D13DD /* Lyra.app */,
			);
			name = Products;
			sourceTree = "<group>";
		};
		5552B3922B17C088006D13DD /* Lyra */ = {
			isa = PBXGroup;
			children = (
				5552B3932B17C088006D13DD /* LyraApp.swift */,
				5552B3A42B17C0C9006D13DD /* AppDelegate.swift */,
				5552B3952B17C088006D13DD /* ContentView.swift */,
				5552B3A62B17C380006D13DD /* ArrayRawView.swift */,
				5552B3A22B17C0A0006D13DD /* MacIOKit.swift */,
				5552B3972B17C089006D13DD /* Assets.xcassets */,
				5552B39C2B17C089006D13DD /* Lyra.entitlements */,
				5552B3992B17C089006D13DD /* Preview Content */,
			);
			path = Lyra;
			sourceTree = "<group>";
		};
		5552B3992B17C089006D13DD /* Preview Content */ = {
			isa = PBXGroup;
			children = (
				5552B39A2B17C089006D13DD /* Preview Assets.xcassets */,
			);
			path = "Preview Content";
			sourceTree = "<group>";
		};
/* End PBXGroup section */

/* Begin PBXNativeTarget section */
		5552B38F2B17C088006D13DD /* Lyra */ = {
			isa = PBXNativeTarget;
			buildConfigurationList = 5552B39F2B17C089006D13DD /* Build configuration list for PBXNativeTarget "Lyra" */;
			buildPhases = (
				5552B38C2B17C088006D13DD /* Sources */,
				5552B38D2B17C088006D13DD /* Frameworks */,
				5552B38E2B17C088006D13DD /* Resources */,
			);
			buildRules = (
			);
			dependencies = (
			);
			name = Lyra;
			productName = Lyra;
			productReference = 5552B3902B17C088006D13DD /* Lyra.app */;
			productType = "com.apple.product-type.application";
		};
/* End PBXNativeTarget section */

/* Begin PBXProject section */
		5552B3882B17C088006D13DD /* Project object */ = {
			isa = PBXProject;
			attributes = {
				BuildIndependentTargetsInParallel = 1;
				LastSwiftUpdateCheck = 1500;
				LastUpgradeCheck = 1500;
				TargetAttributes = {
					5552B38F2B17C088006D13DD = {
						CreatedOnToolsVersion = 15.0;
					};
				};
			};
			buildConfigurationList = 5552B38B2B17C088006D13DD /* Build configuration list for PBXProject "Lyra" */;
			compatibilityVersion = "Xcode 14.0";
			developmentRegion = en;
			hasScannedForEncodings = 0;
			knownRegions = (
				en,
				Base,
			);
			mainGroup = 5552B3872B17C088006D13DD;
			productRefGroup = 5552B3912B17C088006D13DD /* Products */;
			projectDirPath = "";
			projectRoot = "";
			targets = (
				5552B38F2B17C088006D13DD /* Lyra */,
			);
		};
/* End PBXProject section */

/* Begin PBXResourcesBuildPhase section */
		5552B38E2B17C088006D13DD /* Resources */ = {
			isa = PBXResourcesBuildPhase;
			buildActionMask = 2147483647;
			files = (
				5552B39B2B17C089006D13DD /* Preview Assets.xcassets in Resources */,
				5552B3982B17C089006D13DD /* Assets.xcassets in Resources */,
			);
			runOnlyForDeploymentPostprocessing = 0;
		};
/* End PBXResourcesBuildPhase section */

/* Begin PBXSourcesBuildPhase section */
		5552B38C2B17C088006D13DD /* Sources */ = {
			isa = PBXSourcesBuildPhase;
			buildActionMask = 2147483647;
			files = (
				5552B3A52B17C0C9006D13DD /* AppDelegate.swift in Sources */,
				5552B3A72B17C380006D13DD /* ArrayRawView.swift in Sources */,
				5552B3962B17C088006D13DD /* ContentView.swift in Sources */,
				5552B3942B17C088006D13DD /* LyraApp.swift in Sources */,
				5552B3A32B17C0A0006D13DD /* MacIOKit.swift in Sources */,
			);
			runOnlyForDeploymentPostprocessing = 0;
		};
/* End PBXSourcesBuildPhase section */

/* Begin XCBuildConfiguration section */
		5552B39D2B17C089006D13DD /* Debug */ = {
			isa = XCBuildConfiguration;
			buildSettings = {
				ALWAYS_SEARCH_USER_PATHS = NO;
				ASSETCATALOG_COMPILER_GENERATE_SWIFT_ASSET_SYMBOL_EXTENSIONS = YES;
				CLANG_ANALYZER_NONNULL = YES;
				CLANG_ANALYZER_NUMBER_OBJECT_CONVERSION = YES_AGGRESSIVE;
				CLANG_CXX_LANGUAGE_STANDARD = "gnu++20";
				CLANG_ENABLE_MODULES = YES;
				CLANG_ENABLE_OBJC_ARC = YES;
				CLANG_ENABLE_OBJC_WEAK = YES;
				CLANG_WARN_BLOCK_CAPTURE_AUTORELEASING = YES;
				CLANG_WARN_BOOL_CONVERSION = YES;
				CLANG_WARN_COMMA = YES;
				CLANG_WARN_CONSTANT_CONVERSION = YES;
				CLANG_WARN_DEPRECATED_OBJC_IMPLEMENTATIONS = YES;
				CLANG_WARN_DIRECT_OBJC_ISA_USAGE = YES_ERROR;
				CLANG_WARN_DOCUMENTATION_COMMENTS = YES;
				CLANG_WARN_EMPTY_BODY = YES;
				CLANG_WARN_ENUM_CONVERSION = YES;
				CLANG_WARN_INFINITE_RECURSION = YES;
				CLANG_WARN_INT_CONVERSION = YES;
				CLANG_WARN_NON_LITERAL_NULL_CONVERSION = YES;
				CLANG_WARN_OBJC_IMPLICIT_RETAIN_SELF = YES;
				CLANG_WARN_OBJC_LITERAL_CONVERSION = YES;
				CLANG_WARN_OBJC_ROOT_CLASS = YES_ERROR;
				CLANG_WARN_QUOTED_INCLUDE_IN_FRAMEWORK_HEADER = YES;
				CLANG_WARN_RANGE_LOOP_ANALYSIS = YES;
				CLANG_WARN_STRICT_PROTOTYPES = YES;
				CLANG_WARN_SUSPICIOUS_MOVE = YES;
				CLANG_WARN_UNGUARDED_AVAILABILITY = YES_AGGRESSIVE;
				CLANG_WARN_UNREACHABLE_CODE = YES;
				CLANG_WARN__DUPLICATE_METHOD_MATCH = YES;
				COPY_PHASE_STRIP = NO;
				DEBUG_INFORMATION_FORMAT = dwarf;
				ENABLE_STRICT_OBJC_MSGSEND = YES;
				ENABLE_TESTABILITY = YES;
				ENABLE_USER_SCRIPT_SANDBOXING = YES;
				GCC_C_LANGUAGE_STANDARD = gnu17;
				GCC_DYNAMIC_NO_PIC = NO;
				GCC_NO_COMMON_BLOCKS = YES;
				GCC_OPTIMIZATION_LEVEL = 0;
				GCC_PREPROCESSOR_DEFINITIONS = (
					"DEBUG=1",
					"$(inherited)",
				);
				GCC_WARN_64_TO_32_BIT_CONVERSION = YES;
				GCC_WARN_ABOUT_RETURN_TYPE = YES_ERROR;
				GCC_WARN_UNDECLARED_SELECTOR = YES;
				GCC_WARN_UNINITIALIZED_AUTOS = YES_AGGRESSIVE;
				GCC_WARN_UNUSED_FUNCTION = YES;
				GCC_WARN_UNUSED_VARIABLE = YES;
				LOCALIZATION_PREFERS_STRING_CATALOGS = YES;
				MACOSX_DEPLOYMENT_TARGET = 14.0;
				MTL_ENABLE_DEBUG_INFO = INCLUDE_SOURCE;
				MTL_FAST_MATH = YES;
				ONLY_ACTIVE_ARCH = YES;
				SDKROOT = macosx;
				SWIFT_ACTIVE_COMPILATION_CONDITIONS = "DEBUG $(inherited)";
				SWIFT_OPTIMIZATION_LEVEL = "-Onone";
			};
			name = Debug;
		};
		5552B39E2B17C089006D13DD /* Release */ = {
			isa = XCBuildConfiguration;
			buildSettings = {
				ALWAYS_SEARCH_USER_PATHS = NO;
				ASSETCATALOG_COMPILER_GENERATE_SWIFT_ASSET_SYMBOL_EXTENSIONS = YES;
				CLANG_ANALYZER_NONNULL = YES;
				CLANG_ANALYZER_NUMBER_OBJECT_CONVERSION = YES_AGGRESSIVE;
				CLANG_CXX_LANGUAGE_STANDARD = "gnu++20";
				CLANG_ENABLE_MODULES = YES;
				CLANG_ENABLE_OBJC_ARC = YES;
				CLANG_ENABLE_OBJC_WEAK = YES;
				CLANG_WARN_BLOCK_CAPTURE_AUTORELEASING = YES;
				CLANG_WARN_BOOL_CONVERSION = YES;
				CLANG_WARN_COMMA = YES;
				CLANG_WARN_CONSTANT_CONVERSION = YES;
				CLANG_WARN_DEPRECATED_OBJC_IMPLEMENTATIONS = YES;
				CLANG_WARN_DIRECT_OBJC_ISA_USAGE = YES_ERROR;
				CLANG_WARN_DOCUMENTATION_COMMENTS = YES;
				CLANG_WARN_EMPTY_BODY = YES;
				CLANG_WARN_ENUM_CONVERSION = YES;
				CLANG_WARN_INFINITE_RECURSION = YES;
				CLANG_WARN_INT_CONVERSION = YES;
				CLANG_WARN_NON_LITERAL_NULL_CONVERSION = YES;
				CLANG_WARN_OBJC_IMPLICIT_RETAIN_SELF = YES;
				CLANG_WARN_OBJC_LITERAL_CONVERSION = YES;
				CLANG_WARN_OBJC_ROOT_CLASS = YES_ERROR;
				CLANG_WARN_QUOTED_INCLUDE_IN_FRAMEWORK_HEADER = YES;
				CLANG_WARN_RANGE_LOOP_ANALYSIS = YES;
				CLANG_WARN_STRICT_PROTOTYPES = YES;
				CLANG_WARN_SUSPICIOUS_MOVE = YES;
				CLANG_WARN_UNGUARDED_AVAILABILITY = YES_AGGRESSIVE;
				CLANG_WARN_UNREACHABLE_CODE = YES;
				CLANG_WARN__DUPLICATE_METHOD_MATCH = YES;
				COPY_PHASE_STRIP = NO;
				DEBUG_INFORMATION_FORMAT = "dwarf-with-dsym";
				ENABLE_NS_ASSERTIONS = NO;
				ENABLE_STRICT_OBJC_MSGSEND = YES;
				ENABLE_USER_SCRIPT_SANDBOXING = YES;
				GCC_C_LANGUAGE_STANDARD = gnu17;
				GCC_NO_COMMON_BLOCKS = YES;
				GCC_WARN_64_TO_32_BIT_CONVERSION = YES;
				GCC_WARN_ABOUT_RETURN_TYPE = YES_ERROR;
				GCC_WARN_UNDECLARED_SELECTOR = YES;
				GCC_WARN_UNINITIALIZED_AUTOS = YES_AGGRESSIVE;
				GCC_WARN_UNUSED_FUNCTION = YES;
				GCC_WARN_UNUSED_VARIABLE = YES;
				LOCALIZATION_PREFERS_STRING_CATALOGS = YES;
				MACOSX_DEPLOYMENT_TARGET = 14.0;
				MTL_ENABLE_DEBUG_INFO = NO;
				MTL_FAST_MATH = YES;
				SDKROOT = macosx;
				SWIFT_COMPILATION_MODE = wholemodule;
			};
			name = Release;
		};
		5552B3A02B17C089006D13DD /* Debug */ = {
			isa = XCBuildConfiguration;
			buildSettings = {
				ASSETCATALOG_COMPILER_APPICON_NAME = AppIcon;
				ASSETCATALOG_COMPILER_GLOBAL_ACCENT_COLOR_NAME = AccentColor;
				CODE_SIGN_ENTITLEMENTS = Lyra/Lyra.entitlements;
				CODE_SIGN_STYLE = Automatic;
				COMBINE_HIDPI_IMAGES = YES;
				CURRENT_PROJECT_VERSION = 1;
				DEVELOPMENT_ASSET_PATHS = "\"Lyra/Preview Content\"";
				DEVELOPMENT_TEAM = FBT742498U;
				ENABLE_HARDENED_RUNTIME = YES;
				ENABLE_PREVIEWS = YES;
				GENERATE_INFOPLIST_FILE = YES;
				INFOPLIST_KEY_CFBundleDisplayName = Lyra;
				INFOPLIST_KEY_LSApplicationCategoryType = "public.app-category.utilities";
				INFOPLIST_KEY_NSHumanReadableCopyright = "";
				LD_RUNPATH_SEARCH_PATHS = (
					"$(inherited)",
					"@executable_path/../Frameworks",
				);
				MACOSX_DEPLOYMENT_TARGET = 11.0;
				MARKETING_VERSION = 1.0;
				PRODUCT_BUNDLE_IDENTIFIER = thatstel.la.Lyra;
				PRODUCT_NAME = "$(TARGET_NAME)";
				SWIFT_EMIT_LOC_STRINGS = YES;
				SWIFT_VERSION = 5.0;
			};
			name = Debug;
		};
		5552B3A12B17C089006D13DD /* Release */ = {
			isa = XCBuildConfiguration;
			buildSettings = {
				ASSETCATALOG_COMPILER_APPICON_NAME = AppIcon;
				ASSETCATALOG_COMPILER_GLOBAL_ACCENT_COLOR_NAME = AccentColor;
				CODE_SIGN_ENTITLEMENTS = Lyra/Lyra.entitlements;
				CODE_SIGN_STYLE = Automatic;
				COMBINE_HIDPI_IMAGES = YES;
				CURRENT_PROJECT_VERSION = 1;
				DEVELOPMENT_ASSET_PATHS = "\"Lyra/Preview Content\"";
				DEVELOPMENT_TEAM = FBT742498U;
				ENABLE_HARDENED_RUNTIME = YES;
				ENABLE_PREVIEWS = YES;
				GENERATE_INFOPLIST_FILE = YES;
				INFOPLIST_KEY_CFBundleDisplayName = Lyra;
				INFOPLIST_KEY_LSApplicationCategoryType = "public.app-category.utilities";
				INFOPLIST_KEY_NSHumanReadableCopyright = "";
				LD_RUNPATH_SEARCH_PATHS = (
					"$(inherited)",
					"@executable_path/../Frameworks",
				);
				MACOSX_DEPLOYMENT_TARGET = 11.0;
				MARKETING_VERSION = 1.0;
				PRODUCT_BUNDLE_IDENTIFIER = thatstel.la.Lyra;
				PRODUCT_NAME = "$(TARGET_NAME)";
				SWIFT_EMIT_LOC_STRINGS = YES;
				SWIFT_VERSION = 5.0;
			};
			name = Release;
		};
/* End XCBuildConfiguration section */

/* Begin XCConfigurationList section */
		5552B38B2B17C088006D13DD /* Build configuration list for PBXProject "Lyra" */ = {
			isa = XCConfigurationList;
			buildConfigurations = (
				5552B39D2B17C089006D13DD /* Debug */,
				5552B39E2B17C089006D13DD /* Release */,
			);
			defaultConfigurationIsVisible = 0;
			defaultConfigurationName = Release;
		};
		5552B39F2B17C089006D13DD /* Build configuration list for PBXNativeTarget "Lyra" */ = {
			isa = XCConfigurationList;
			buildConfigurations = (
				5552B3A02B17C089006D13DD /* Debug */,
				5552B3A12B17C089006D13DD /* Release */,
			);
			defaultConfigurationIsVisible = 0;
			defaultConfigurationName = Release;
		};
/* End XCConfigurationList section */
	};
	rootObject = 5552B3882B17C088006D13DD /* Project object */;
}
